
Microsoft Visual Studio Solution File, Format Version 12.00
# Visual Studio Version 17
VisualStudioVersion = 17.0.31903.59
MinimumVisualStudioVersion = 10.0.40219.1
Project("{FAE04EC0-301F-11D3-BF4B-00C04F79EFBC}") = "2024-05-15", "2024-05-15\2024-05-15.csproj", "{D435A15D-CBB9-4AFD-BFFF-7E6882CE783C}"
EndProject
Global
	GlobalSection(SolutionConfigurationPlatforms) = preSolution
		Debug|Any CPU = Debug|Any CPU
		Release|Any CPU = Release|Any CPU
	EndGlobalSection
	GlobalSection(ProjectConfigurationPlatforms) = postSolution
		{D435A15D-CBB9-4AFD-BFFF-7E6882CE783C}.Debug|Any CPU.ActiveCfg = Debug|Any CPU
		{D435A15D-CBB9-4AFD-BFFF-7E6882CE783C}.Debug|Any CPU.Build.0 = Debug|Any CPU
		{D435A15D-CBB9-4AFD-BFFF-7E6882CE783C}.Release|Any CPU.ActiveCfg = Release|Any CPU
		{D435A15D-CBB9-4AFD-BFFF-7E6882CE783C}.Release|Any CPU.Build.0 = Release|Any CPU
	EndGlobalSection
	GlobalSection(SolutionProperties) = preSolution
		HideSolutionNode = FALSE
	EndGlobalSection
	GlobalSection(ExtensibilityGlobals) = postSolution
		SolutionGuid = {DF9A38FC-C458-4BCB-ABBC-1DF948D6E452}
	EndGlobalSection
EndGlobal
